
Microsoft Visual Studio Solution File, Format Version 12.00
# Visual Studio Version 16
VisualStudioVersion = 16.0.31205.134
MinimumVisualStudioVersion = 10.0.40219.1
Project("{FAE04EC0-301F-11D3-BF4B-00C04F79EFBC}") = "TemptureRecord", "TemptureRecord\TemptureRecord.csproj", "{E07213D6-F2C4-45A5-AB8A-AFD11DAC3E2C}"
EndProject
Global
	GlobalSection(SolutionConfigurationPlatforms) = preSolution
		Debug|Any CPU = Debug|Any CPU
		Release|Any CPU = Release|Any CPU
	EndGlobalSection
	GlobalSection(ProjectConfigurationPlatforms) = postSolution
		{E07213D6-F2C4-45A5-AB8A-AFD11DAC3E2C}.Debug|Any CPU.ActiveCfg = Debug|Any CPU
		{E07213D6-F2C4-45A5-AB8A-AFD11DAC3E2C}.Debug|Any CPU.Build.0 = Debug|Any CPU
		{E07213D6-F2C4-45A5-AB8A-AFD11DAC3E2C}.Release|Any CPU.ActiveCfg = Release|Any CPU
		{E07213D6-F2C4-45A5-AB8A-AFD11DAC3E2C}.Release|Any CPU.Build.0 = Release|Any CPU
	EndGlobalSection
	GlobalSection(SolutionProperties) = preSolution
		HideSolutionNode = FALSE
	EndGlobalSection
	GlobalSection(ExtensibilityGlobals) = postSolution
		SolutionGuid = {02CD0C6A-0F78-46F4-B575-9B9665B08150}
	EndGlobalSection
EndGlobal
